// !$*UTF8*$!
{
	archiveVersion = 1;
	classes = {
	};
	objectVersion = 50;
	objects = {

/* Begin PBXBuildFile section */
		22200310218EC6A900481176 /* AppDelegate.swift in Sources */ = {isa = PBXBuildFile; fileRef = 2220030F218EC6A900481176 /* AppDelegate.swift */; };
		22200312218EC6A900481176 /* ViewController.swift in Sources */ = {isa = PBXBuildFile; fileRef = 22200311218EC6A900481176 /* ViewController.swift */; };
		22200315218EC6A900481176 /* Main.storyboard in Resources */ = {isa = PBXBuildFile; fileRef = 22200313218EC6A900481176 /* Main.storyboard */; };
		22200318218EC6A900481176 /* Butterfly.xcdatamodeld in Sources */ = {isa = PBXBuildFile; fileRef = 22200316218EC6A900481176 /* Butterfly.xcdatamodeld */; };
		2220031A218EC6AB00481176 /* Assets.xcassets in Resources */ = {isa = PBXBuildFile; fileRef = 22200319218EC6AB00481176 /* Assets.xcassets */; };
		2220031D218EC6AB00481176 /* LaunchScreen.storyboard in Resources */ = {isa = PBXBuildFile; fileRef = 2220031B218EC6AB00481176 /* LaunchScreen.storyboard */; };
		22200328218EC6AB00481176 /* ButterflyTests.swift in Sources */ = {isa = PBXBuildFile; fileRef = 22200327218EC6AB00481176 /* ButterflyTests.swift */; };
		22200333218EC6AB00481176 /* ButterflyUITests.swift in Sources */ = {isa = PBXBuildFile; fileRef = 22200332218EC6AB00481176 /* ButterflyUITests.swift */; };
		22ABC2F221909F0C006062BC /* .gitignore in Resources */ = {isa = PBXBuildFile; fileRef = 22ABC2F121909F0C006062BC /* .gitignore */; };
		22ABC2F52191376B006062BC /* HomeViewController.swift in Sources */ = {isa = PBXBuildFile; fileRef = 22ABC2F42191376B006062BC /* HomeViewController.swift */; };
		22ABC2F7219137D6006062BC /* .swiftlint.yml in Resources */ = {isa = PBXBuildFile; fileRef = 22ABC2F6219137D6006062BC /* .swiftlint.yml */; };
		22ABC2FA2191398A006062BC /* UIColorExtension.swift in Sources */ = {isa = PBXBuildFile; fileRef = 22ABC2F92191398A006062BC /* UIColorExtension.swift */; };
		22ABC2FD219164CF006062BC /* ImageScrollTableCell.swift in Sources */ = {isa = PBXBuildFile; fileRef = 22ABC2FC219164CF006062BC /* ImageScrollTableCell.swift */; };
		22ABC2FF2192D8CB006062BC /* TapImageView.swift in Sources */ = {isa = PBXBuildFile; fileRef = 22ABC2FE2192D8CB006062BC /* TapImageView.swift */; };
		22ABC3012192E46B006062BC /* SettingsViewController.swift in Sources */ = {isa = PBXBuildFile; fileRef = 22ABC3002192E46B006062BC /* SettingsViewController.swift */; };
		22ABC305219438A7006062BC /* ViewModelFactory.swift in Sources */ = {isa = PBXBuildFile; fileRef = 22ABC304219438A7006062BC /* ViewModelFactory.swift */; };
		22ABC307219438C4006062BC /* BaseViewModel.swift in Sources */ = {isa = PBXBuildFile; fileRef = 22ABC306219438C4006062BC /* BaseViewModel.swift */; };
		22ABC3092194394C006062BC /* SettingsViewModel.swift in Sources */ = {isa = PBXBuildFile; fileRef = 22ABC3082194394C006062BC /* SettingsViewModel.swift */; };
		22ABC30C219439E6006062BC /* Settings.swift in Sources */ = {isa = PBXBuildFile; fileRef = 22ABC30B219439E6006062BC /* Settings.swift */; };
		22ABC30E21943A52006062BC /* Section.swift in Sources */ = {isa = PBXBuildFile; fileRef = 22ABC30D21943A52006062BC /* Section.swift */; };
		22ABC31021943AC3006062BC /* SettingItem.swift in Sources */ = {isa = PBXBuildFile; fileRef = 22ABC30F21943AC3006062BC /* SettingItem.swift */; };
		22ABC31221953339006062BC /* HomeViewModel.swift in Sources */ = {isa = PBXBuildFile; fileRef = 22ABC31121953339006062BC /* HomeViewModel.swift */; };
		22ABC314219553CB006062BC /* ButterflyDailySet.swift in Sources */ = {isa = PBXBuildFile; fileRef = 22ABC313219553CB006062BC /* ButterflyDailySet.swift */; };
		22ABC31621955423006062BC /* Butterfly.swift in Sources */ = {isa = PBXBuildFile; fileRef = 22ABC31521955423006062BC /* Butterfly.swift */; };
		22ABC3182195C491006062BC /* PictureViewController.swift in Sources */ = {isa = PBXBuildFile; fileRef = 22ABC3172195C491006062BC /* PictureViewController.swift */; };
		22ABC31A2195C938006062BC /* PictureViewModel.swift in Sources */ = {isa = PBXBuildFile; fileRef = 22ABC3192195C938006062BC /* PictureViewModel.swift */; };
		22ABC31C2196B907006062BC /* UIViewExtension.swift in Sources */ = {isa = PBXBuildFile; fileRef = 22ABC31B2196B907006062BC /* UIViewExtension.swift */; };
		3D00ECC244A9F7BAD1CC0C15 /* Pods_Butterfly.framework in Frameworks */ = {isa = PBXBuildFile; fileRef = CD0185198D225CA3F957A31E /* Pods_Butterfly.framework */; };
/* End PBXBuildFile section */

/* Begin PBXContainerItemProxy section */
		22200324218EC6AB00481176 /* PBXContainerItemProxy */ = {
			isa = PBXContainerItemProxy;
			containerPortal = 22200304218EC6A900481176 /* Project object */;
			proxyType = 1;
			remoteGlobalIDString = 2220030B218EC6A900481176;
			remoteInfo = Butterfly;
		};
		2220032F218EC6AB00481176 /* PBXContainerItemProxy */ = {
			isa = PBXContainerItemProxy;
			containerPortal = 22200304218EC6A900481176 /* Project object */;
			proxyType = 1;
			remoteGlobalIDString = 2220030B218EC6A900481176;
			remoteInfo = Butterfly;
		};
/* End PBXContainerItemProxy section */

/* Begin PBXFileReference section */
		2220030C218EC6A900481176 /* Butterfly.app */ = {isa = PBXFileReference; explicitFileType = wrapper.application; includeInIndex = 0; path = Butterfly.app; sourceTree = BUILT_PRODUCTS_DIR; };
		2220030F218EC6A900481176 /* AppDelegate.swift */ = {isa = PBXFileReference; lastKnownFileType = sourcecode.swift; path = AppDelegate.swift; sourceTree = "<group>"; };
		22200311218EC6A900481176 /* ViewController.swift */ = {isa = PBXFileReference; lastKnownFileType = sourcecode.swift; path = ViewController.swift; sourceTree = "<group>"; };
		22200314218EC6A900481176 /* Base */ = {isa = PBXFileReference; lastKnownFileType = file.storyboard; name = Base; path = Base.lproj/Main.storyboard; sourceTree = "<group>"; };
		22200317218EC6A900481176 /* Butterfly.xcdatamodel */ = {isa = PBXFileReference; lastKnownFileType = wrapper.xcdatamodel; path = Butterfly.xcdatamodel; sourceTree = "<group>"; };
		22200319218EC6AB00481176 /* Assets.xcassets */ = {isa = PBXFileReference; lastKnownFileType = folder.assetcatalog; path = Assets.xcassets; sourceTree = "<group>"; };
		2220031C218EC6AB00481176 /* Base */ = {isa = PBXFileReference; lastKnownFileType = file.storyboard; name = Base; path = Base.lproj/LaunchScreen.storyboard; sourceTree = "<group>"; };
		2220031E218EC6AB00481176 /* Info.plist */ = {isa = PBXFileReference; lastKnownFileType = text.plist.xml; path = Info.plist; sourceTree = "<group>"; };
		22200323218EC6AB00481176 /* ButterflyTests.xctest */ = {isa = PBXFileReference; explicitFileType = wrapper.cfbundle; includeInIndex = 0; path = ButterflyTests.xctest; sourceTree = BUILT_PRODUCTS_DIR; };
		22200327218EC6AB00481176 /* ButterflyTests.swift */ = {isa = PBXFileReference; lastKnownFileType = sourcecode.swift; path = ButterflyTests.swift; sourceTree = "<group>"; };
		22200329218EC6AB00481176 /* Info.plist */ = {isa = PBXFileReference; lastKnownFileType = text.plist.xml; path = Info.plist; sourceTree = "<group>"; };
		2220032E218EC6AB00481176 /* ButterflyUITests.xctest */ = {isa = PBXFileReference; explicitFileType = wrapper.cfbundle; includeInIndex = 0; path = ButterflyUITests.xctest; sourceTree = BUILT_PRODUCTS_DIR; };
		22200332218EC6AB00481176 /* ButterflyUITests.swift */ = {isa = PBXFileReference; lastKnownFileType = sourcecode.swift; path = ButterflyUITests.swift; sourceTree = "<group>"; };
		22200334218EC6AB00481176 /* Info.plist */ = {isa = PBXFileReference; lastKnownFileType = text.plist.xml; path = Info.plist; sourceTree = "<group>"; };
		22ABC2F121909F0C006062BC /* .gitignore */ = {isa = PBXFileReference; lastKnownFileType = text; path = .gitignore; sourceTree = "<group>"; };
		22ABC2F42191376B006062BC /* HomeViewController.swift */ = {isa = PBXFileReference; lastKnownFileType = sourcecode.swift; path = HomeViewController.swift; sourceTree = "<group>"; };
		22ABC2F6219137D6006062BC /* .swiftlint.yml */ = {isa = PBXFileReference; lastKnownFileType = text; path = .swiftlint.yml; sourceTree = "<group>"; };
		22ABC2F92191398A006062BC /* UIColorExtension.swift */ = {isa = PBXFileReference; lastKnownFileType = sourcecode.swift; path = UIColorExtension.swift; sourceTree = "<group>"; };
		22ABC2FC219164CF006062BC /* ImageScrollTableCell.swift */ = {isa = PBXFileReference; lastKnownFileType = sourcecode.swift; path = ImageScrollTableCell.swift; sourceTree = "<group>"; };
		22ABC2FE2192D8CB006062BC /* TapImageView.swift */ = {isa = PBXFileReference; lastKnownFileType = sourcecode.swift; path = TapImageView.swift; sourceTree = "<group>"; };
		22ABC3002192E46B006062BC /* SettingsViewController.swift */ = {isa = PBXFileReference; lastKnownFileType = sourcecode.swift; path = SettingsViewController.swift; sourceTree = "<group>"; };
		22ABC304219438A7006062BC /* ViewModelFactory.swift */ = {isa = PBXFileReference; lastKnownFileType = sourcecode.swift; path = ViewModelFactory.swift; sourceTree = "<group>"; };
		22ABC306219438C4006062BC /* BaseViewModel.swift */ = {isa = PBXFileReference; lastKnownFileType = sourcecode.swift; path = BaseViewModel.swift; sourceTree = "<group>"; };
		22ABC3082194394C006062BC /* SettingsViewModel.swift */ = {isa = PBXFileReference; lastKnownFileType = sourcecode.swift; path = SettingsViewModel.swift; sourceTree = "<group>"; };
		22ABC30B219439E6006062BC /* Settings.swift */ = {isa = PBXFileReference; lastKnownFileType = sourcecode.swift; path = Settings.swift; sourceTree = "<group>"; };
		22ABC30D21943A52006062BC /* Section.swift */ = {isa = PBXFileReference; lastKnownFileType = sourcecode.swift; path = Section.swift; sourceTree = "<group>"; };
		22ABC30F21943AC3006062BC /* SettingItem.swift */ = {isa = PBXFileReference; lastKnownFileType = sourcecode.swift; path = SettingItem.swift; sourceTree = "<group>"; };
		22ABC31121953339006062BC /* HomeViewModel.swift */ = {isa = PBXFileReference; lastKnownFileType = sourcecode.swift; path = HomeViewModel.swift; sourceTree = "<group>"; };
		22ABC313219553CB006062BC /* ButterflyDailySet.swift */ = {isa = PBXFileReference; lastKnownFileType = sourcecode.swift; path = ButterflyDailySet.swift; sourceTree = "<group>"; };
		22ABC31521955423006062BC /* Butterfly.swift */ = {isa = PBXFileReference; lastKnownFileType = sourcecode.swift; path = Butterfly.swift; sourceTree = "<group>"; };
		22ABC3172195C491006062BC /* PictureViewController.swift */ = {isa = PBXFileReference; lastKnownFileType = sourcecode.swift; path = PictureViewController.swift; sourceTree = "<group>"; };
		22ABC3192195C938006062BC /* PictureViewModel.swift */ = {isa = PBXFileReference; lastKnownFileType = sourcecode.swift; path = PictureViewModel.swift; sourceTree = "<group>"; };
		22ABC31B2196B907006062BC /* UIViewExtension.swift */ = {isa = PBXFileReference; lastKnownFileType = sourcecode.swift; path = UIViewExtension.swift; sourceTree = "<group>"; };
		75C54B338CE37D457FEF820D /* Pods-Butterfly.debug.xcconfig */ = {isa = PBXFileReference; includeInIndex = 1; lastKnownFileType = text.xcconfig; name = "Pods-Butterfly.debug.xcconfig"; path = "Pods/Target Support Files/Pods-Butterfly/Pods-Butterfly.debug.xcconfig"; sourceTree = "<group>"; };
		C5C962A36C2F78285E364CB5 /* Pods-Butterfly.release.xcconfig */ = {isa = PBXFileReference; includeInIndex = 1; lastKnownFileType = text.xcconfig; name = "Pods-Butterfly.release.xcconfig"; path = "Pods/Target Support Files/Pods-Butterfly/Pods-Butterfly.release.xcconfig"; sourceTree = "<group>"; };
		CD0185198D225CA3F957A31E /* Pods_Butterfly.framework */ = {isa = PBXFileReference; explicitFileType = wrapper.framework; includeInIndex = 0; path = Pods_Butterfly.framework; sourceTree = BUILT_PRODUCTS_DIR; };
/* End PBXFileReference section */

/* Begin PBXFrameworksBuildPhase section */
		22200309218EC6A900481176 /* Frameworks */ = {
			isa = PBXFrameworksBuildPhase;
			buildActionMask = 2147483647;
			files = (
				3D00ECC244A9F7BAD1CC0C15 /* Pods_Butterfly.framework in Frameworks */,
			);
			runOnlyForDeploymentPostprocessing = 0;
		};
		22200320218EC6AB00481176 /* Frameworks */ = {
			isa = PBXFrameworksBuildPhase;
			buildActionMask = 2147483647;
			files = (
			);
			runOnlyForDeploymentPostprocessing = 0;
		};
		2220032B218EC6AB00481176 /* Frameworks */ = {
			isa = PBXFrameworksBuildPhase;
			buildActionMask = 2147483647;
			files = (
			);
			runOnlyForDeploymentPostprocessing = 0;
		};
/* End PBXFrameworksBuildPhase section */

/* Begin PBXGroup section */
		22200303218EC6A900481176 = {
			isa = PBXGroup;
			children = (
				22ABC2F6219137D6006062BC /* .swiftlint.yml */,
				22ABC2F121909F0C006062BC /* .gitignore */,
				2220030E218EC6A900481176 /* Butterfly */,
				22200326218EC6AB00481176 /* ButterflyTests */,
				22200331218EC6AB00481176 /* ButterflyUITests */,
				2220030D218EC6A900481176 /* Products */,
				6F39E32AB6AC8E08A0511869 /* Pods */,
				848FEE9ECA8F4BF2AADB341C /* Frameworks */,
			);
			sourceTree = "<group>";
		};
		2220030D218EC6A900481176 /* Products */ = {
			isa = PBXGroup;
			children = (
				2220030C218EC6A900481176 /* Butterfly.app */,
				22200323218EC6AB00481176 /* ButterflyTests.xctest */,
				2220032E218EC6AB00481176 /* ButterflyUITests.xctest */,
			);
			name = Products;
			sourceTree = "<group>";
		};
		2220030E218EC6A900481176 /* Butterfly */ = {
			isa = PBXGroup;
			children = (
				22ABC30A219439DD006062BC /* Model */,
				22ABC30221943885006062BC /* ViewModel */,
				22ABC2FB219164B9006062BC /* Cell */,
				22ABC2F82191396E006062BC /* Extension */,
				22ABC2F32191374E006062BC /* Controller */,
				2220030F218EC6A900481176 /* AppDelegate.swift */,
				22200311218EC6A900481176 /* ViewController.swift */,
				22200313218EC6A900481176 /* Main.storyboard */,
				22200319218EC6AB00481176 /* Assets.xcassets */,
				2220031B218EC6AB00481176 /* LaunchScreen.storyboard */,
				2220031E218EC6AB00481176 /* Info.plist */,
				22200316218EC6A900481176 /* Butterfly.xcdatamodeld */,
			);
			path = Butterfly;
			sourceTree = "<group>";
		};
		22200326218EC6AB00481176 /* ButterflyTests */ = {
			isa = PBXGroup;
			children = (
				22200327218EC6AB00481176 /* ButterflyTests.swift */,
				22200329218EC6AB00481176 /* Info.plist */,
			);
			path = ButterflyTests;
			sourceTree = "<group>";
		};
		22200331218EC6AB00481176 /* ButterflyUITests */ = {
			isa = PBXGroup;
			children = (
				22200332218EC6AB00481176 /* ButterflyUITests.swift */,
				22200334218EC6AB00481176 /* Info.plist */,
			);
			path = ButterflyUITests;
			sourceTree = "<group>";
		};
		22ABC2F32191374E006062BC /* Controller */ = {
			isa = PBXGroup;
			children = (
				22ABC2F42191376B006062BC /* HomeViewController.swift */,
				22ABC3002192E46B006062BC /* SettingsViewController.swift */,
				22ABC3172195C491006062BC /* PictureViewController.swift */,
			);
			path = Controller;
			sourceTree = "<group>";
		};
		22ABC2F82191396E006062BC /* Extension */ = {
			isa = PBXGroup;
			children = (
				22ABC2F92191398A006062BC /* UIColorExtension.swift */,
				22ABC31B2196B907006062BC /* UIViewExtension.swift */,
			);
			path = Extension;
			sourceTree = "<group>";
		};
		22ABC2FB219164B9006062BC /* Cell */ = {
			isa = PBXGroup;
			children = (
				22ABC2FC219164CF006062BC /* ImageScrollTableCell.swift */,
				22ABC2FE2192D8CB006062BC /* TapImageView.swift */,
			);
			path = Cell;
			sourceTree = "<group>";
		};
		22ABC30221943885006062BC /* ViewModel */ = {
			isa = PBXGroup;
			children = (
				22ABC30321943899006062BC /* Base */,
				22ABC3082194394C006062BC /* SettingsViewModel.swift */,
				22ABC31121953339006062BC /* HomeViewModel.swift */,
				22ABC3192195C938006062BC /* PictureViewModel.swift */,
			);
			path = ViewModel;
			sourceTree = "<group>";
		};
		22ABC30321943899006062BC /* Base */ = {
			isa = PBXGroup;
			children = (
				22ABC304219438A7006062BC /* ViewModelFactory.swift */,
				22ABC306219438C4006062BC /* BaseViewModel.swift */,
			);
			path = Base;
			sourceTree = "<group>";
		};
		22ABC30A219439DD006062BC /* Model */ = {
			isa = PBXGroup;
			children = (
				22ABC30B219439E6006062BC /* Settings.swift */,
				22ABC30D21943A52006062BC /* Section.swift */,
				22ABC30F21943AC3006062BC /* SettingItem.swift */,
				22ABC313219553CB006062BC /* ButterflyDailySet.swift */,
				22ABC31521955423006062BC /* Butterfly.swift */,
			);
			path = Model;
			sourceTree = "<group>";
		};
		6F39E32AB6AC8E08A0511869 /* Pods */ = {
			isa = PBXGroup;
			children = (
				75C54B338CE37D457FEF820D /* Pods-Butterfly.debug.xcconfig */,
				C5C962A36C2F78285E364CB5 /* Pods-Butterfly.release.xcconfig */,
			);
			name = Pods;
			sourceTree = "<group>";
		};
		848FEE9ECA8F4BF2AADB341C /* Frameworks */ = {
			isa = PBXGroup;
			children = (
				CD0185198D225CA3F957A31E /* Pods_Butterfly.framework */,
			);
			name = Frameworks;
			sourceTree = "<group>";
		};
/* End PBXGroup section */

/* Begin PBXNativeTarget section */
		2220030B218EC6A900481176 /* Butterfly */ = {
			isa = PBXNativeTarget;
			buildConfigurationList = 22200337218EC6AC00481176 /* Build configuration list for PBXNativeTarget "Butterfly" */;
			buildPhases = (
				DB89F0C51C1745127C36F2D5 /* [CP] Check Pods Manifest.lock */,
				22200308218EC6A900481176 /* Sources */,
				22200309218EC6A900481176 /* Frameworks */,
				2220030A218EC6A900481176 /* Resources */,
				225E46FB2190808A005F5249 /* ShellScript */,
				FCCFEEBC2B0681443AED2DF4 /* [CP] Embed Pods Frameworks */,
			);
			buildRules = (
			);
			dependencies = (
			);
			name = Butterfly;
			productName = Butterfly;
			productReference = 2220030C218EC6A900481176 /* Butterfly.app */;
			productType = "com.apple.product-type.application";
		};
		22200322218EC6AB00481176 /* ButterflyTests */ = {
			isa = PBXNativeTarget;
			buildConfigurationList = 2220033A218EC6AC00481176 /* Build configuration list for PBXNativeTarget "ButterflyTests" */;
			buildPhases = (
				2220031F218EC6AB00481176 /* Sources */,
				22200320218EC6AB00481176 /* Frameworks */,
				22200321218EC6AB00481176 /* Resources */,
			);
			buildRules = (
			);
			dependencies = (
				22200325218EC6AB00481176 /* PBXTargetDependency */,
			);
			name = ButterflyTests;
			productName = ButterflyTests;
			productReference = 22200323218EC6AB00481176 /* ButterflyTests.xctest */;
			productType = "com.apple.product-type.bundle.unit-test";
		};
		2220032D218EC6AB00481176 /* ButterflyUITests */ = {
			isa = PBXNativeTarget;
			buildConfigurationList = 2220033D218EC6AC00481176 /* Build configuration list for PBXNativeTarget "ButterflyUITests" */;
			buildPhases = (
				2220032A218EC6AB00481176 /* Sources */,
				2220032B218EC6AB00481176 /* Frameworks */,
				2220032C218EC6AB00481176 /* Resources */,
			);
			buildRules = (
			);
			dependencies = (
				22200330218EC6AB00481176 /* PBXTargetDependency */,
			);
			name = ButterflyUITests;
			productName = ButterflyUITests;
			productReference = 2220032E218EC6AB00481176 /* ButterflyUITests.xctest */;
			productType = "com.apple.product-type.bundle.ui-testing";
		};
/* End PBXNativeTarget section */

/* Begin PBXProject section */
		22200304218EC6A900481176 /* Project object */ = {
			isa = PBXProject;
			attributes = {
				LastSwiftUpdateCheck = 1010;
				LastUpgradeCheck = 1010;
				ORGANIZATIONNAME = "Songbai Yan ";
				TargetAttributes = {
					2220030B218EC6A900481176 = {
						CreatedOnToolsVersion = 10.1;
					};
					22200322218EC6AB00481176 = {
						CreatedOnToolsVersion = 10.1;
						TestTargetID = 2220030B218EC6A900481176;
					};
					2220032D218EC6AB00481176 = {
						CreatedOnToolsVersion = 10.1;
						TestTargetID = 2220030B218EC6A900481176;
					};
				};
			};
			buildConfigurationList = 22200307218EC6A900481176 /* Build configuration list for PBXProject "Butterfly" */;
			compatibilityVersion = "Xcode 9.3";
			developmentRegion = en;
			hasScannedForEncodings = 0;
			knownRegions = (
				en,
				Base,
			);
			mainGroup = 22200303218EC6A900481176;
			productRefGroup = 2220030D218EC6A900481176 /* Products */;
			projectDirPath = "";
			projectRoot = "";
			targets = (
				2220030B218EC6A900481176 /* Butterfly */,
				22200322218EC6AB00481176 /* ButterflyTests */,
				2220032D218EC6AB00481176 /* ButterflyUITests */,
			);
		};
/* End PBXProject section */

/* Begin PBXResourcesBuildPhase section */
		2220030A218EC6A900481176 /* Resources */ = {
			isa = PBXResourcesBuildPhase;
			buildActionMask = 2147483647;
			files = (
				22ABC2F7219137D6006062BC /* .swiftlint.yml in Resources */,
				22ABC2F221909F0C006062BC /* .gitignore in Resources */,
				2220031D218EC6AB00481176 /* LaunchScreen.storyboard in Resources */,
				2220031A218EC6AB00481176 /* Assets.xcassets in Resources */,
				22200315218EC6A900481176 /* Main.storyboard in Resources */,
			);
			runOnlyForDeploymentPostprocessing = 0;
		};
		22200321218EC6AB00481176 /* Resources */ = {
			isa = PBXResourcesBuildPhase;
			buildActionMask = 2147483647;
			files = (
			);
			runOnlyForDeploymentPostprocessing = 0;
		};
		2220032C218EC6AB00481176 /* Resources */ = {
			isa = PBXResourcesBuildPhase;
			buildActionMask = 2147483647;
			files = (
			);
			runOnlyForDeploymentPostprocessing = 0;
		};
/* End PBXResourcesBuildPhase section */

/* Begin PBXShellScriptBuildPhase section */
		225E46FB2190808A005F5249 /* ShellScript */ = {
			isa = PBXShellScriptBuildPhase;
			buildActionMask = 2147483647;
			files = (
			);
			inputPaths = (
			);
			outputPaths = (
			);
			runOnlyForDeploymentPostprocessing = 0;
			shellPath = /bin/sh;
			shellScript = "if which swiftlint >/dev/null; then\nswiftlint\nelse\necho \"warning: SwiftLint not installed, download from https://github.com/realm/SwiftLint\"\nfi\n";
		};
		DB89F0C51C1745127C36F2D5 /* [CP] Check Pods Manifest.lock */ = {
			isa = PBXShellScriptBuildPhase;
			buildActionMask = 2147483647;
			files = (
			);
			inputPaths = (
				"${PODS_PODFILE_DIR_PATH}/Podfile.lock",
				"${PODS_ROOT}/Manifest.lock",
			);
			name = "[CP] Check Pods Manifest.lock";
			outputPaths = (
				"$(DERIVED_FILE_DIR)/Pods-Butterfly-checkManifestLockResult.txt",
			);
			runOnlyForDeploymentPostprocessing = 0;
			shellPath = /bin/sh;
			shellScript = "diff \"${PODS_PODFILE_DIR_PATH}/Podfile.lock\" \"${PODS_ROOT}/Manifest.lock\" > /dev/null\nif [ $? != 0 ] ; then\n    # print error to STDERR\n    echo \"error: The sandbox is not in sync with the Podfile.lock. Run 'pod install' or update your CocoaPods installation.\" >&2\n    exit 1\nfi\n# This output is used by Xcode 'outputs' to avoid re-running this script phase.\necho \"SUCCESS\" > \"${SCRIPT_OUTPUT_FILE_0}\"\n";
			showEnvVarsInLog = 0;
		};
		FCCFEEBC2B0681443AED2DF4 /* [CP] Embed Pods Frameworks */ = {
			isa = PBXShellScriptBuildPhase;
			buildActionMask = 2147483647;
			files = (
			);
			inputPaths = (
				"${SRCROOT}/Pods/Target Support Files/Pods-Butterfly/Pods-Butterfly-frameworks.sh",
				"${BUILT_PRODUCTS_DIR}/SnapKit/SnapKit.framework",
			);
			name = "[CP] Embed Pods Frameworks";
			outputPaths = (
				"${TARGET_BUILD_DIR}/${FRAMEWORKS_FOLDER_PATH}/SnapKit.framework",
			);
			runOnlyForDeploymentPostprocessing = 0;
			shellPath = /bin/sh;
			shellScript = "\"${SRCROOT}/Pods/Target Support Files/Pods-Butterfly/Pods-Butterfly-frameworks.sh\"\n";
			showEnvVarsInLog = 0;
		};
/* End PBXShellScriptBuildPhase section */

/* Begin PBXSourcesBuildPhase section */
		22200308218EC6A900481176 /* Sources */ = {
			isa = PBXSourcesBuildPhase;
			buildActionMask = 2147483647;
			files = (
				22200312218EC6A900481176 /* ViewController.swift in Sources */,
				22ABC307219438C4006062BC /* BaseViewModel.swift in Sources */,
				22ABC2FD219164CF006062BC /* ImageScrollTableCell.swift in Sources */,
				22ABC314219553CB006062BC /* ButterflyDailySet.swift in Sources */,
				22200310218EC6A900481176 /* AppDelegate.swift in Sources */,
				22ABC3012192E46B006062BC /* SettingsViewController.swift in Sources */,
				22ABC2FF2192D8CB006062BC /* TapImageView.swift in Sources */,
				22ABC3182195C491006062BC /* PictureViewController.swift in Sources */,
				22ABC30C219439E6006062BC /* Settings.swift in Sources */,
				22ABC31021943AC3006062BC /* SettingItem.swift in Sources */,
				22ABC31C2196B907006062BC /* UIViewExtension.swift in Sources */,
				22ABC30E21943A52006062BC /* Section.swift in Sources */,
				22ABC2FA2191398A006062BC /* UIColorExtension.swift in Sources */,
				22ABC305219438A7006062BC /* ViewModelFactory.swift in Sources */,
				22ABC3092194394C006062BC /* SettingsViewModel.swift in Sources */,
				22200318218EC6A900481176 /* Butterfly.xcdatamodeld in Sources */,
				22ABC31221953339006062BC /* HomeViewModel.swift in Sources */,
				22ABC31621955423006062BC /* Butterfly.swift in Sources */,
				22ABC31A2195C938006062BC /* PictureViewModel.swift in Sources */,
				22ABC2F52191376B006062BC /* HomeViewController.swift in Sources */,
			);
			runOnlyForDeploymentPostprocessing = 0;
		};
		2220031F218EC6AB00481176 /* Sources */ = {
			isa = PBXSourcesBuildPhase;
			buildActionMask = 2147483647;
			files = (
				22200328218EC6AB00481176 /* ButterflyTests.swift in Sources */,
			);
			runOnlyForDeploymentPostprocessing = 0;
		};
		2220032A218EC6AB00481176 /* Sources */ = {
			isa = PBXSourcesBuildPhase;
			buildActionMask = 2147483647;
			files = (
				22200333218EC6AB00481176 /* ButterflyUITests.swift in Sources */,
			);
			runOnlyForDeploymentPostprocessing = 0;
		};
/* End PBXSourcesBuildPhase section */

/* Begin PBXTargetDependency section */
		22200325218EC6AB00481176 /* PBXTargetDependency */ = {
			isa = PBXTargetDependency;
			target = 2220030B218EC6A900481176 /* Butterfly */;
			targetProxy = 22200324218EC6AB00481176 /* PBXContainerItemProxy */;
		};
		22200330218EC6AB00481176 /* PBXTargetDependency */ = {
			isa = PBXTargetDependency;
			target = 2220030B218EC6A900481176 /* Butterfly */;
			targetProxy = 2220032F218EC6AB00481176 /* PBXContainerItemProxy */;
		};
/* End PBXTargetDependency section */

/* Begin PBXVariantGroup section */
		22200313218EC6A900481176 /* Main.storyboard */ = {
			isa = PBXVariantGroup;
			children = (
				22200314218EC6A900481176 /* Base */,
			);
			name = Main.storyboard;
			sourceTree = "<group>";
		};
		2220031B218EC6AB00481176 /* LaunchScreen.storyboard */ = {
			isa = PBXVariantGroup;
			children = (
				2220031C218EC6AB00481176 /* Base */,
			);
			name = LaunchScreen.storyboard;
			sourceTree = "<group>";
		};
/* End PBXVariantGroup section */

/* Begin XCBuildConfiguration section */
		22200335218EC6AB00481176 /* Debug */ = {
			isa = XCBuildConfiguration;
			buildSettings = {
				ALWAYS_SEARCH_USER_PATHS = NO;
				CLANG_ANALYZER_NONNULL = YES;
				CLANG_ANALYZER_NUMBER_OBJECT_CONVERSION = YES_AGGRESSIVE;
				CLANG_CXX_LANGUAGE_STANDARD = "gnu++14";
				CLANG_CXX_LIBRARY = "libc++";
				CLANG_ENABLE_MODULES = YES;
				CLANG_ENABLE_OBJC_ARC = YES;
				CLANG_ENABLE_OBJC_WEAK = YES;
				CLANG_WARN_BLOCK_CAPTURE_AUTORELEASING = YES;
				CLANG_WARN_BOOL_CONVERSION = YES;
				CLANG_WARN_COMMA = YES;
				CLANG_WARN_CONSTANT_CONVERSION = YES;
				CLANG_WARN_DEPRECATED_OBJC_IMPLEMENTATIONS = YES;
				CLANG_WARN_DIRECT_OBJC_ISA_USAGE = YES_ERROR;
				CLANG_WARN_DOCUMENTATION_COMMENTS = YES;
				CLANG_WARN_EMPTY_BODY = YES;
				CLANG_WARN_ENUM_CONVERSION = YES;
				CLANG_WARN_INFINITE_RECURSION = YES;
				CLANG_WARN_INT_CONVERSION = YES;
				CLANG_WARN_NON_LITERAL_NULL_CONVERSION = YES;
				CLANG_WARN_OBJC_IMPLICIT_RETAIN_SELF = YES;
				CLANG_WARN_OBJC_LITERAL_CONVERSION = YES;
				CLANG_WARN_OBJC_ROOT_CLASS = YES_ERROR;
				CLANG_WARN_RANGE_LOOP_ANALYSIS = YES;
				CLANG_WARN_STRICT_PROTOTYPES = YES;
				CLANG_WARN_SUSPICIOUS_MOVE = YES;
				CLANG_WARN_UNGUARDED_AVAILABILITY = YES_AGGRESSIVE;
				CLANG_WARN_UNREACHABLE_CODE = YES;
				CLANG_WARN__DUPLICATE_METHOD_MATCH = YES;
				CODE_SIGN_IDENTITY = "iPhone Developer";
				COPY_PHASE_STRIP = NO;
				DEBUG_INFORMATION_FORMAT = dwarf;
				ENABLE_STRICT_OBJC_MSGSEND = YES;
				ENABLE_TESTABILITY = YES;
				GCC_C_LANGUAGE_STANDARD = gnu11;
				GCC_DYNAMIC_NO_PIC = NO;
				GCC_NO_COMMON_BLOCKS = YES;
				GCC_OPTIMIZATION_LEVEL = 0;
				GCC_PREPROCESSOR_DEFINITIONS = (
					"DEBUG=1",
					"$(inherited)",
				);
				GCC_WARN_64_TO_32_BIT_CONVERSION = YES;
				GCC_WARN_ABOUT_RETURN_TYPE = YES_ERROR;
				GCC_WARN_UNDECLARED_SELECTOR = YES;
				GCC_WARN_UNINITIALIZED_AUTOS = YES_AGGRESSIVE;
				GCC_WARN_UNUSED_FUNCTION = YES;
				GCC_WARN_UNUSED_VARIABLE = YES;
				IPHONEOS_DEPLOYMENT_TARGET = 12.1;
				MTL_ENABLE_DEBUG_INFO = INCLUDE_SOURCE;
				MTL_FAST_MATH = YES;
				ONLY_ACTIVE_ARCH = YES;
				SDKROOT = iphoneos;
				SWIFT_ACTIVE_COMPILATION_CONDITIONS = DEBUG;
				SWIFT_OPTIMIZATION_LEVEL = "-Onone";
			};
			name = Debug;
		};
		22200336218EC6AB00481176 /* Release */ = {
			isa = XCBuildConfiguration;
			buildSettings = {
				ALWAYS_SEARCH_USER_PATHS = NO;
				CLANG_ANALYZER_NONNULL = YES;
				CLANG_ANALYZER_NUMBER_OBJECT_CONVERSION = YES_AGGRESSIVE;
				CLANG_CXX_LANGUAGE_STANDARD = "gnu++14";
				CLANG_CXX_LIBRARY = "libc++";
				CLANG_ENABLE_MODULES = YES;
				CLANG_ENABLE_OBJC_ARC = YES;
				CLANG_ENABLE_OBJC_WEAK = YES;
				CLANG_WARN_BLOCK_CAPTURE_AUTORELEASING = YES;
				CLANG_WARN_BOOL_CONVERSION = YES;
				CLANG_WARN_COMMA = YES;
				CLANG_WARN_CONSTANT_CONVERSION = YES;
				CLANG_WARN_DEPRECATED_OBJC_IMPLEMENTATIONS = YES;
				CLANG_WARN_DIRECT_OBJC_ISA_USAGE = YES_ERROR;
				CLANG_WARN_DOCUMENTATION_COMMENTS = YES;
				CLANG_WARN_EMPTY_BODY = YES;
				CLANG_WARN_ENUM_CONVERSION = YES;
				CLANG_WARN_INFINITE_RECURSION = YES;
				CLANG_WARN_INT_CONVERSION = YES;
				CLANG_WARN_NON_LITERAL_NULL_CONVERSION = YES;
				CLANG_WARN_OBJC_IMPLICIT_RETAIN_SELF = YES;
				CLANG_WARN_OBJC_LITERAL_CONVERSION = YES;
				CLANG_WARN_OBJC_ROOT_CLASS = YES_ERROR;
				CLANG_WARN_RANGE_LOOP_ANALYSIS = YES;
				CLANG_WARN_STRICT_PROTOTYPES = YES;
				CLANG_WARN_SUSPICIOUS_MOVE = YES;
				CLANG_WARN_UNGUARDED_AVAILABILITY = YES_AGGRESSIVE;
				CLANG_WARN_UNREACHABLE_CODE = YES;
				CLANG_WARN__DUPLICATE_METHOD_MATCH = YES;
				CODE_SIGN_IDENTITY = "iPhone Developer";
				COPY_PHASE_STRIP = NO;
				DEBUG_INFORMATION_FORMAT = "dwarf-with-dsym";
				ENABLE_NS_ASSERTIONS = NO;
				ENABLE_STRICT_OBJC_MSGSEND = YES;
				GCC_C_LANGUAGE_STANDARD = gnu11;
				GCC_NO_COMMON_BLOCKS = YES;
				GCC_WARN_64_TO_32_BIT_CONVERSION = YES;
				GCC_WARN_ABOUT_RETURN_TYPE = YES_ERROR;
				GCC_WARN_UNDECLARED_SELECTOR = YES;
				GCC_WARN_UNINITIALIZED_AUTOS = YES_AGGRESSIVE;
				GCC_WARN_UNUSED_FUNCTION = YES;
				GCC_WARN_UNUSED_VARIABLE = YES;
				IPHONEOS_DEPLOYMENT_TARGET = 12.1;
				MTL_ENABLE_DEBUG_INFO = NO;
				MTL_FAST_MATH = YES;
				SDKROOT = iphoneos;
				SWIFT_COMPILATION_MODE = wholemodule;
				SWIFT_OPTIMIZATION_LEVEL = "-O";
				VALIDATE_PRODUCT = YES;
			};
			name = Release;
		};
		22200338218EC6AC00481176 /* Debug */ = {
			isa = XCBuildConfiguration;
			baseConfigurationReference = 75C54B338CE37D457FEF820D /* Pods-Butterfly.debug.xcconfig */;
			buildSettings = {
				ASSETCATALOG_COMPILER_APPICON_NAME = AppIcon;
				CODE_SIGN_STYLE = Automatic;
				DEVELOPMENT_TEAM = XD7JAMNS86;
				INFOPLIST_FILE = Butterfly/Info.plist;
				IPHONEOS_DEPLOYMENT_TARGET = 11.0;
				LD_RUNPATH_SEARCH_PATHS = (
					"$(inherited)",
					"@executable_path/Frameworks",
				);
				PRODUCT_BUNDLE_IDENTIFIER = com.woodystudio.Butterfly;
				PRODUCT_NAME = "$(TARGET_NAME)";
				SWIFT_VERSION = 4.2;
				TARGETED_DEVICE_FAMILY = "1,2";
			};
			name = Debug;
		};
		22200339218EC6AC00481176 /* Release */ = {
			isa = XCBuildConfiguration;
			baseConfigurationReference = C5C962A36C2F78285E364CB5 /* Pods-Butterfly.release.xcconfig */;
			buildSettings = {
				ASSETCATALOG_COMPILER_APPICON_NAME = AppIcon;
				CODE_SIGN_STYLE = Automatic;
				DEVELOPMENT_TEAM = XD7JAMNS86;
				INFOPLIST_FILE = Butterfly/Info.plist;
				IPHONEOS_DEPLOYMENT_TARGET = 11.0;
				LD_RUNPATH_SEARCH_PATHS = (
					"$(inherited)",
					"@executable_path/Frameworks",
				);
				PRODUCT_BUNDLE_IDENTIFIER = com.woodystudio.Butterfly;
				PRODUCT_NAME = "$(TARGET_NAME)";
				SWIFT_VERSION = 4.2;
				TARGETED_DEVICE_FAMILY = "1,2";
			};
			name = Release;
		};
		2220033B218EC6AC00481176 /* Debug */ = {
			isa = XCBuildConfiguration;
			buildSettings = {
				ALWAYS_EMBED_SWIFT_STANDARD_LIBRARIES = YES;
				BUNDLE_LOADER = "$(TEST_HOST)";
				CODE_SIGN_STYLE = Automatic;
				INFOPLIST_FILE = ButterflyTests/Info.plist;
				LD_RUNPATH_SEARCH_PATHS = (
					"$(inherited)",
					"@executable_path/Frameworks",
					"@loader_path/Frameworks",
				);
				PRODUCT_BUNDLE_IDENTIFIER = com.woodystudio.ButterflyTests;
				PRODUCT_NAME = "$(TARGET_NAME)";
				SWIFT_VERSION = 4.2;
				TARGETED_DEVICE_FAMILY = "1,2";
				TEST_HOST = "$(BUILT_PRODUCTS_DIR)/Butterfly.app/Butterfly";
			};
			name = Debug;
		};
		2220033C218EC6AC00481176 /* Release */ = {
			isa = XCBuildConfiguration;
			buildSettings = {
				ALWAYS_EMBED_SWIFT_STANDARD_LIBRARIES = YES;
				BUNDLE_LOADER = "$(TEST_HOST)";
				CODE_SIGN_STYLE = Automatic;
				INFOPLIST_FILE = ButterflyTests/Info.plist;
				LD_RUNPATH_SEARCH_PATHS = (
					"$(inherited)",
					"@executable_path/Frameworks",
					"@loader_path/Frameworks",
				);
				PRODUCT_BUNDLE_IDENTIFIER = com.woodystudio.ButterflyTests;
				PRODUCT_NAME = "$(TARGET_NAME)";
				SWIFT_VERSION = 4.2;
				TARGETED_DEVICE_FAMILY = "1,2";
				TEST_HOST = "$(BUILT_PRODUCTS_DIR)/Butterfly.app/Butterfly";
			};
			name = Release;
		};
		2220033E218EC6AC00481176 /* Debug */ = {
			isa = XCBuildConfiguration;
			buildSettings = {
				ALWAYS_EMBED_SWIFT_STANDARD_LIBRARIES = YES;
				CODE_SIGN_STYLE = Automatic;
				INFOPLIST_FILE = ButterflyUITests/Info.plist;
				LD_RUNPATH_SEARCH_PATHS = (
					"$(inherited)",
					"@executable_path/Frameworks",
					"@loader_path/Frameworks",
				);
				PRODUCT_BUNDLE_IDENTIFIER = com.woodystudio.ButterflyUITests;
				PRODUCT_NAME = "$(TARGET_NAME)";
				SWIFT_VERSION = 4.2;
				TARGETED_DEVICE_FAMILY = "1,2";
				TEST_TARGET_NAME = Butterfly;
			};
			name = Debug;
		};
		2220033F218EC6AC00481176 /* Release */ = {
			isa = XCBuildConfiguration;
			buildSettings = {
				ALWAYS_EMBED_SWIFT_STANDARD_LIBRARIES = YES;
				CODE_SIGN_STYLE = Automatic;
				INFOPLIST_FILE = ButterflyUITests/Info.plist;
				LD_RUNPATH_SEARCH_PATHS = (
					"$(inherited)",
					"@executable_path/Frameworks",
					"@loader_path/Frameworks",
				);
				PRODUCT_BUNDLE_IDENTIFIER = com.woodystudio.ButterflyUITests;
				PRODUCT_NAME = "$(TARGET_NAME)";
				SWIFT_VERSION = 4.2;
				TARGETED_DEVICE_FAMILY = "1,2";
				TEST_TARGET_NAME = Butterfly;
			};
			name = Release;
		};
/* End XCBuildConfiguration section */

/* Begin XCConfigurationList section */
		22200307218EC6A900481176 /* Build configuration list for PBXProject "Butterfly" */ = {
			isa = XCConfigurationList;
			buildConfigurations = (
				22200335218EC6AB00481176 /* Debug */,
				22200336218EC6AB00481176 /* Release */,
			);
			defaultConfigurationIsVisible = 0;
			defaultConfigurationName = Release;
		};
		22200337218EC6AC00481176 /* Build configuration list for PBXNativeTarget "Butterfly" */ = {
			isa = XCConfigurationList;
			buildConfigurations = (
				22200338218EC6AC00481176 /* Debug */,
				22200339218EC6AC00481176 /* Release */,
			);
			defaultConfigurationIsVisible = 0;
			defaultConfigurationName = Release;
		};
		2220033A218EC6AC00481176 /* Build configuration list for PBXNativeTarget "ButterflyTests" */ = {
			isa = XCConfigurationList;
			buildConfigurations = (
				2220033B218EC6AC00481176 /* Debug */,
				2220033C218EC6AC00481176 /* Release */,
			);
			defaultConfigurationIsVisible = 0;
			defaultConfigurationName = Release;
		};
		2220033D218EC6AC00481176 /* Build configuration list for PBXNativeTarget "ButterflyUITests" */ = {
			isa = XCConfigurationList;
			buildConfigurations = (
				2220033E218EC6AC00481176 /* Debug */,
				2220033F218EC6AC00481176 /* Release */,
			);
			defaultConfigurationIsVisible = 0;
			defaultConfigurationName = Release;
		};
/* End XCConfigurationList section */

/* Begin XCVersionGroup section */
		22200316218EC6A900481176 /* Butterfly.xcdatamodeld */ = {
			isa = XCVersionGroup;
			children = (
				22200317218EC6A900481176 /* Butterfly.xcdatamodel */,
			);
			currentVersion = 22200317218EC6A900481176 /* Butterfly.xcdatamodel */;
			path = Butterfly.xcdatamodeld;
			sourceTree = "<group>";
			versionGroupType = wrapper.xcdatamodel;
		};
/* End XCVersionGroup section */
	};
	rootObject = 22200304218EC6A900481176 /* Project object */;
}
